
Microsoft Visual Studio Solution File, Format Version 12.00
# Visual Studio 15
VisualStudioVersion = 15.0.28307.902
MinimumVisualStudioVersion = 10.0.40219.1
Project("{FAE04EC0-301F-11D3-BF4B-00C04F79EFBC}") = "Acura_Web", "Acura_Web\Acura_Web.csproj", "{3B3FC8CA-5604-4571-82A8-1C2F5C4121BD}"
EndProject
Global
	GlobalSection(SolutionConfigurationPlatforms) = preSolution
		Debug|Any CPU = Debug|Any CPU
		Release|Any CPU = Release|Any CPU
	EndGlobalSection
	GlobalSection(ProjectConfigurationPlatforms) = postSolution
		{3B3FC8CA-5604-4571-82A8-1C2F5C4121BD}.Debug|Any CPU.ActiveCfg = Debug|Any CPU
		{3B3FC8CA-5604-4571-82A8-1C2F5C4121BD}.Debug|Any CPU.Build.0 = Debug|Any CPU
		{3B3FC8CA-5604-4571-82A8-1C2F5C4121BD}.Release|Any CPU.ActiveCfg = Release|Any CPU
		{3B3FC8CA-5604-4571-82A8-1C2F5C4121BD}.Release|Any CPU.Build.0 = Release|Any CPU
	EndGlobalSection
	GlobalSection(SolutionProperties) = preSolution
		HideSolutionNode = FALSE
	EndGlobalSection
	GlobalSection(ExtensibilityGlobals) = postSolution
		SolutionGuid = {E6052335-4FAA-4558-ADFA-9D946F61CFEC}
	EndGlobalSection
EndGlobal
